<?xml version="1.0" encoding="UTF-8"?>

<Project ToolsVersion="17.0" xmlns="http://schemas.microsoft.com/developer/msbuild/2003">
  <ItemGroup>
    <Filter Include="NewProject">
      <UniqueIdentifier>{CB74BE48-DB7F-3C97-627C-DABC57896C4C}</UniqueIdentifier>
    </Filter>
    <Filter Include="NewProject\Source">
      <UniqueIdentifier>{CBA2DCCD-1D2C-5CB2-5048-C7D8353D0443}</UniqueIdentifier>
    </Filter>
    <Filter Include="JUCE Library Code">
      <UniqueIdentifier>{7ED5A90E-41AF-A1EF-659B-37CEEAB9BA61}</UniqueIdentifier>
    </Filter>
  </ItemGroup>
  <ItemGroup>
    <ClCompile Include="..\..\Source\Main.cpp">
      <Filter>NewProject\Source</Filter>
    </ClCompile>
    <ClCompile Include="..\..\Source\Communication\EngineAPI.cpp">
      <Filter>NewProject\Source</Filter>
    </ClCompile>
    <ClCompile Include="..\..\Source\Communication\WebGateway.cpp">
      <Filter>NewProject\Source</Filter>
    </ClCompile>
    <ClCompile Include="..\..\Source\UI\EngineHostComponent.cpp">
      <Filter>NewProject\Source</Filter>
    </ClCompile>
    <ClCompile Include="..\..\Source\MainComponent.cpp">
      <Filter>NewProject\Source</Filter>
    </ClCompile>
    <ClCompile Include="..\..\Source\DawLookAndFeel.cpp">
      <Filter>NewProject\Source</Filter>
    </ClCompile>
    <ClCompile Include="..\..\Source\DawSession.cpp">
      <Filter>NewProject\Source</Filter>
    </ClCompile>
    <ClCompile Include="..\..\Source\TopBar.cpp">
      <Filter>NewProject\Source</Filter>
    </ClCompile>
    <ClCompile Include="..\..\Source\TransportBar.cpp">
      <Filter>NewProject\Source</Filter>
    </ClCompile>
    <ClCompile Include="..\..\Source\TrackListPanel.cpp">
      <Filter>NewProject\Source</Filter>
    </ClCompile>
    <ClCompile Include="..\..\Source\ArrangementView.cpp">
      <Filter>NewProject\Source</Filter>
    </ClCompile>
    <ClCompile Include="..\..\Source\PianoRoll.cpp">
      <Filter>NewProject\Source</Filter>
    </ClCompile>
    <ClCompile Include="..\..\Source\AutomationView.cpp">
      <Filter>NewProject\Source</Filter>
    </ClCompile>
    <ClCompile Include="..\..\Source\EditorPanel.cpp">
      <Filter>NewProject\Source</Filter>
    </ClCompile>
    <ClCompile Include="..\..\Source\MixerPanel.cpp">
      <Filter>NewProject\Source</Filter>
    </ClCompile>
    <ClCompile Include="..\..\Source\InspectorPanel.cpp">
      <Filter>NewProject\Source</Filter>
    </ClCompile>
    <ClCompile Include="..\..\Source\StatusBar.cpp">
      <Filter>NewProject\Source</Filter>
    </ClCompile>
    <ClCompile Include="..\..\JuceLibraryCode\include_juce_audio_basics.cpp">
      <Filter>JUCE Library Code</Filter>
    </ClCompile>
    <ClCompile Include="..\..\JuceLibraryCode\include_juce_audio_devices.cpp">
      <Filter>JUCE Library Code</Filter>
    </ClCompile>
    <ClCompile Include="..\..\JuceLibraryCode\include_juce_audio_formats.cpp">
      <Filter>JUCE Library Code</Filter>
    </ClCompile>
    <ClCompile Include="..\..\JuceLibraryCode\include_juce_audio_formats_flac_1.c">
      <Filter>JUCE Library Code</Filter>
    </ClCompile>
    <ClCompile Include="..\..\JuceLibraryCode\include_juce_audio_formats_flac_2.c">
      <Filter>JUCE Library Code</Filter>
    </ClCompile>
    <ClCompile Include="..\..\JuceLibraryCode\include_juce_audio_processors.cpp">
      <Filter>JUCE Library Code</Filter>
    </ClCompile>
    <ClCompile Include="..\..\JuceLibraryCode\include_juce_audio_processors_headless.cpp">
      <Filter>JUCE Library Code</Filter>
    </ClCompile>
    <ClCompile Include="..\..\JuceLibraryCode\include_juce_audio_processors_headless_ara.cpp">
      <Filter>JUCE Library Code</Filter>
    </ClCompile>
    <ClCompile Include="..\..\JuceLibraryCode\include_juce_audio_processors_headless_lv2_libs.cpp">
      <Filter>JUCE Library Code</Filter>
    </ClCompile>
    <ClCompile Include="..\..\JuceLibraryCode\include_juce_audio_utils.cpp">
      <Filter>JUCE Library Code</Filter>
    </ClCompile>
    <ClCompile Include="..\..\JuceLibraryCode\include_juce_core.cpp">
      <Filter>JUCE Library Code</Filter>
    </ClCompile>
    <ClCompile Include="..\..\JuceLibraryCode\include_juce_core_CompilationTime.cpp">
      <Filter>JUCE Library Code</Filter>
    </ClCompile>
    <ClCompile Include="..\..\JuceLibraryCode\include_juce_core_zlib.c">
      <Filter>JUCE Library Code</Filter>
    </ClCompile>
    <ClCompile Include="..\..\JuceLibraryCode\include_juce_data_structures.cpp">
      <Filter>JUCE Library Code</Filter>
    </ClCompile>
    <ClCompile Include="..\..\JuceLibraryCode\include_juce_events.cpp">
      <Filter>JUCE Library Code</Filter>
    </ClCompile>
    <ClCompile Include="..\..\JuceLibraryCode\include_juce_graphics.cpp">
      <Filter>JUCE Library Code</Filter>
    </ClCompile>
    <ClCompile Include="..\..\JuceLibraryCode\include_juce_graphics_Harfbuzz.cpp">
      <Filter>JUCE Library Code</Filter>
    </ClCompile>
    <ClCompile Include="..\..\JuceLibraryCode\include_juce_graphics_libjpg_1.c">
      <Filter>JUCE Library Code</Filter>
    </ClCompile>
    <ClCompile Include="..\..\JuceLibraryCode\include_juce_graphics_libjpg_2.c">
      <Filter>JUCE Library Code</Filter>
    </ClCompile>
    <ClCompile Include="..\..\JuceLibraryCode\include_juce_graphics_libjpg_3.c">
      <Filter>JUCE Library Code</Filter>
    </ClCompile>
    <ClCompile Include="..\..\JuceLibraryCode\include_juce_graphics_libpng.c">
      <Filter>JUCE Library Code</Filter>
    </ClCompile>
    <ClCompile Include="..\..\JuceLibraryCode\include_juce_graphics_lunasvg.c">
      <Filter>JUCE Library Code</Filter>
    </ClCompile>
    <ClCompile Include="..\..\JuceLibraryCode\include_juce_graphics_Sheenbidi.c">
      <Filter>JUCE Library Code</Filter>
    </ClCompile>
    <ClCompile Include="..\..\JuceLibraryCode\include_juce_gui_basics.cpp">
      <Filter>JUCE Library Code</Filter>
    </ClCompile>
    <ClCompile Include="..\..\JuceLibraryCode\include_juce_gui_basics_2.cpp">
      <Filter>JUCE Library Code</Filter>
    </ClCompile>
    <ClCompile Include="..\..\JuceLibraryCode\include_juce_gui_basics_3.cpp">
      <Filter>JUCE Library Code</Filter>
    </ClCompile>
    <ClCompile Include="..\..\JuceLibraryCode\include_juce_gui_basics_4.cpp">
      <Filter>JUCE Library Code</Filter>
    </ClCompile>
    <ClCompile Include="..\..\JuceLibraryCode\include_juce_gui_basics_5.cpp">
      <Filter>JUCE Library Code</Filter>
    </ClCompile>
    <ClCompile Include="..\..\JuceLibraryCode\include_juce_gui_extra.cpp">
      <Filter>JUCE Library Code</Filter>
    </ClCompile>
  </ItemGroup>
  <ItemGroup>
    <ClInclude Include="..\..\Source\MainComponent.h">
      <Filter>NewProject\Source</Filter>
    </ClInclude>
    <ClInclude Include="..\..\Source\DawColours.h">
      <Filter>NewProject\Source</Filter>
    </ClInclude>
    <ClInclude Include="..\..\Source\Icons.h">
      <Filter>NewProject\Source</Filter>
    </ClInclude>
    <ClInclude Include="..\..\Source\DawLookAndFeel.h">
      <Filter>NewProject\Source</Filter>
    </ClInclude>
    <ClInclude Include="..\..\Source\DawSession.h">
      <Filter>NewProject\Source</Filter>
    </ClInclude>
    <ClInclude Include="..\..\Source\ProjectModel.h">
      <Filter>NewProject\Source</Filter>
    </ClInclude>
    <ClInclude Include="..\..\Source\Widgets.h">
      <Filter>NewProject\Source</Filter>
    </ClInclude>
    <ClInclude Include="..\..\Source\TopBar.h">
      <Filter>NewProject\Source</Filter>
    </ClInclude>
    <ClInclude Include="..\..\Source\TransportBar.h">
      <Filter>NewProject\Source</Filter>
    </ClInclude>
    <ClInclude Include="..\..\Source\TrackListPanel.h">
      <Filter>NewProject\Source</Filter>
    </ClInclude>
    <ClInclude Include="..\..\Source\ArrangementView.h">
      <Filter>NewProject\Source</Filter>
    </ClInclude>
    <ClInclude Include="..\..\Source\PianoRoll.h">
      <Filter>NewProject\Source</Filter>
    </ClInclude>
    <ClInclude Include="..\..\Source\AutomationView.h">
      <Filter>NewProject\Source</Filter>
    </ClInclude>
    <ClInclude Include="..\..\Source\EditorPanel.h">
      <Filter>NewProject\Source</Filter>
    </ClInclude>
    <ClInclude Include="..\..\Source\MixerPanel.h">
      <Filter>NewProject\Source</Filter>
    </ClInclude>
    <ClInclude Include="..\..\Source\InspectorPanel.h">
      <Filter>NewProject\Source</Filter>
    </ClInclude>
    <ClInclude Include="..\..\Source\StatusBar.h">
      <Filter>NewProject\Source</Filter>
    </ClInclude>
    <ClInclude Include="..\..\JuceLibraryCode\JuceHeader.h">
      <Filter>JUCE Library Code</Filter>
    </ClInclude>
  </ItemGroup>
  <ItemGroup>
    <ResourceCompile Include=".\resources.rc">
      <Filter>JUCE Library Code</Filter>
    </ResourceCompile>
  </ItemGroup>
</Project>
